# This file is automatically generated by uv.
# This file should be checked into version control.

version = 1
requires-python = ">=3.10"

[options]
exclude-newer = "2024-01-01T00:00:00Z"

[[package]]
name = "rmcp"
version = "0.1.0"
source = { editable = "." }

[package.metadata]
requires-dist = [
    "mcp>=1.0.0",
    "anyio>=4.0.0",
    "pydantic>=2.0.0",
]

[package.metadata.requires-dev]
requires-dist = [
    "pytest>=8.0.0",
    "pytest-anyio>=0.7.0", 
    "ruff>=0.1.0",
    "pyright>=1.1.0",
    "pre-commit>=3.0.0",
]